
Microsoft Visual Studio Solution File, Format Version 12.00
# Visual Studio Version 17
VisualStudioVersion = 17.5.002.0
MinimumVisualStudioVersion = 10.0.40219.1
Project("{9A19103F-16F7-4668-BE54-9A1E7A4F7556}") = "Blog App", "Blog App.csproj", "{74F6A94B-8480-4A81-B4D1-758E009ACDB3}"
EndProject
Global
	GlobalSection(SolutionConfigurationPlatforms) = preSolution
		Debug|Any CPU = Debug|Any CPU
		Release|Any CPU = Release|Any CPU
	EndGlobalSection
	GlobalSection(ProjectConfigurationPlatforms) = postSolution
		{74F6A94B-8480-4A81-B4D1-758E009ACDB3}.Debug|Any CPU.ActiveCfg = Debug|Any CPU
		{74F6A94B-8480-4A81-B4D1-758E009ACDB3}.Debug|Any CPU.Build.0 = Debug|Any CPU
		{74F6A94B-8480-4A81-B4D1-758E009ACDB3}.Release|Any CPU.ActiveCfg = Release|Any CPU
		{74F6A94B-8480-4A81-B4D1-758E009ACDB3}.Release|Any CPU.Build.0 = Release|Any CPU
	EndGlobalSection
	GlobalSection(SolutionProperties) = preSolution
		HideSolutionNode = FALSE
	EndGlobalSection
	GlobalSection(ExtensibilityGlobals) = postSolution
		SolutionGuid = {6D59361D-18E5-4FCA-99DE-175AD19757AD}
	EndGlobalSection
EndGlobal
